{
  "name": "forgithub.popular",
  "lockfileVersion": 3,
  "requires": true,
  "packages": {
    "": {
      "dependencies": {
        "dormroom": "^0.0.6"
      },
      "devDependencies": {
        "@cloudflare/workers-types": "^4.20250313.0"
      }
    },
    "node_modules/@cloudflare/workers-types": {
      "version": "4.20250313.0",
      "resolved": "https://registry.npmjs.org/@cloudflare/workers-types/-/workers-types-4.20250313.0.tgz",
      "integrity": "sha512-iqyzZwogC+3yL8h58vMhjYQUHUZA8XazE3Q+ofR59wDOnsPe/u9W6+aCl408N0iNBhMPvpJQQ3/lkz0iJN2fhA==",
      "dev": true,
      "license": "MIT OR Apache-2.0"
    },
    "node_modules/dormroom": {
      "version": "0.0.6",
      "resolved": "https://registry.npmjs.org/dormroom/-/dormroom-0.0.6.tgz",
      "integrity": "sha512-MF/5obFONgTkOMsPSedTXgMCC9I0ZU/3wgp9GF/BtCL0yW9i/1hU7fUsqF99L2dgFg036uott0g8LKv8kEktLg=="
    }
  }
}
